
Microsoft Visual Studio Solution File, Format Version 12.00
# Visual Studio 15
VisualStudioVersion = 15.0.27004.2009
MinimumVisualStudioVersion = 10.0.40219.1
Project("{9A19103F-16F7-4668-BE54-9A1E7A4F7556}") = "Foodery.Common", "Foodery.Common\Foodery.Common.csproj", "{977E677D-3682-431F-9B3F-DC916B67476F}"
EndProject
Project("{9A19103F-16F7-4668-BE54-9A1E7A4F7556}") = "Foodery.Data", "Foodery.Data\Foodery.Data.csproj", "{817ED63E-666E-488E-9497-6DBFE29AE886}"
EndProject
Project("{2150E333-8FDC-42A3-9474-1A3956D46DE8}") = "Tests", "Tests", "{42479BE8-1597-42CA-BB70-A7C21A95866E}"
EndProject
Project("{2150E333-8FDC-42A3-9474-1A3956D46DE8}") = "Unit", "Unit", "{3AEE9822-86A2-4F16-8174-435A533C12AA}"
EndProject
Project("{9A19103F-16F7-4668-BE54-9A1E7A4F7556}") = "Foodery.Unit.Tests", "Tests\Unit\Foodery.Unit.Tests\Foodery.Unit.Tests.csproj", "{9483B52D-CF6F-4468-BBE5-1034127C63EE}"
EndProject
Project("{9A19103F-16F7-4668-BE54-9A1E7A4F7556}") = "Foodery.Web", "Foodery.Web\Foodery.Web.csproj", "{34AE31E0-A627-426A-A5AA-AAE1F624828E}"
EndProject
Global
	GlobalSection(SolutionConfigurationPlatforms) = preSolution
		Debug|Any CPU = Debug|Any CPU
		Release|Any CPU = Release|Any CPU
	EndGlobalSection
	GlobalSection(ProjectConfigurationPlatforms) = postSolution
		{977E677D-3682-431F-9B3F-DC916B67476F}.Debug|Any CPU.ActiveCfg = Debug|Any CPU
		{977E677D-3682-431F-9B3F-DC916B67476F}.Debug|Any CPU.Build.0 = Debug|Any CPU
		{977E677D-3682-431F-9B3F-DC916B67476F}.Release|Any CPU.ActiveCfg = Release|Any CPU
		{977E677D-3682-431F-9B3F-DC916B67476F}.Release|Any CPU.Build.0 = Release|Any CPU
		{817ED63E-666E-488E-9497-6DBFE29AE886}.Debug|Any CPU.ActiveCfg = Debug|Any CPU
		{817ED63E-666E-488E-9497-6DBFE29AE886}.Debug|Any CPU.Build.0 = Debug|Any CPU
		{817ED63E-666E-488E-9497-6DBFE29AE886}.Release|Any CPU.ActiveCfg = Release|Any CPU
		{817ED63E-666E-488E-9497-6DBFE29AE886}.Release|Any CPU.Build.0 = Release|Any CPU
		{9483B52D-CF6F-4468-BBE5-1034127C63EE}.Debug|Any CPU.ActiveCfg = Debug|Any CPU
		{9483B52D-CF6F-4468-BBE5-1034127C63EE}.Debug|Any CPU.Build.0 = Debug|Any CPU
		{9483B52D-CF6F-4468-BBE5-1034127C63EE}.Release|Any CPU.ActiveCfg = Release|Any CPU
		{9483B52D-CF6F-4468-BBE5-1034127C63EE}.Release|Any CPU.Build.0 = Release|Any CPU
		{34AE31E0-A627-426A-A5AA-AAE1F624828E}.Debug|Any CPU.ActiveCfg = Debug|Any CPU
		{34AE31E0-A627-426A-A5AA-AAE1F624828E}.Debug|Any CPU.Build.0 = Debug|Any CPU
		{34AE31E0-A627-426A-A5AA-AAE1F624828E}.Release|Any CPU.ActiveCfg = Release|Any CPU
		{34AE31E0-A627-426A-A5AA-AAE1F624828E}.Release|Any CPU.Build.0 = Release|Any CPU
	EndGlobalSection
	GlobalSection(SolutionProperties) = preSolution
		HideSolutionNode = FALSE
	EndGlobalSection
	GlobalSection(NestedProjects) = preSolution
		{3AEE9822-86A2-4F16-8174-435A533C12AA} = {42479BE8-1597-42CA-BB70-A7C21A95866E}
		{9483B52D-CF6F-4468-BBE5-1034127C63EE} = {3AEE9822-86A2-4F16-8174-435A533C12AA}
	EndGlobalSection
	GlobalSection(ExtensibilityGlobals) = postSolution
		SolutionGuid = {7DDB9B68-94D6-45D8-AEAA-D065FC2EA0B6}
	EndGlobalSection
EndGlobal
