
Microsoft Visual Studio Solution File, Format Version 12.00
# Visual Studio 15
VisualStudioVersion = 15.0.27004.2009
MinimumVisualStudioVersion = 10.0.40219.1
Project("{FAE04EC0-301F-11D3-BF4B-00C04F79EFBC}") = "Foodery.Web", "Foodery.Web\Foodery.Web.csproj", "{8BC0848A-8D3C-4328-BDC4-7857C3272C89}"
EndProject
Project("{FAE04EC0-301F-11D3-BF4B-00C04F79EFBC}") = "Foodery.Common", "Foodery.Common\Foodery.Common.csproj", "{977E677D-3682-431F-9B3F-DC916B67476F}"
EndProject
Project("{FAE04EC0-301F-11D3-BF4B-00C04F79EFBC}") = "Foodery.Data", "Foodery.Data\Foodery.Data.csproj", "{817ED63E-666E-488E-9497-6DBFE29AE886}"
EndProject
Global
	GlobalSection(SolutionConfigurationPlatforms) = preSolution
		Debug|Any CPU = Debug|Any CPU
		Release|Any CPU = Release|Any CPU
	EndGlobalSection
	GlobalSection(ProjectConfigurationPlatforms) = postSolution
		{8BC0848A-8D3C-4328-BDC4-7857C3272C89}.Debug|Any CPU.ActiveCfg = Debug|Any CPU
		{8BC0848A-8D3C-4328-BDC4-7857C3272C89}.Debug|Any CPU.Build.0 = Debug|Any CPU
		{8BC0848A-8D3C-4328-BDC4-7857C3272C89}.Release|Any CPU.ActiveCfg = Release|Any CPU
		{8BC0848A-8D3C-4328-BDC4-7857C3272C89}.Release|Any CPU.Build.0 = Release|Any CPU
		{977E677D-3682-431F-9B3F-DC916B67476F}.Debug|Any CPU.ActiveCfg = Debug|Any CPU
		{977E677D-3682-431F-9B3F-DC916B67476F}.Debug|Any CPU.Build.0 = Debug|Any CPU
		{977E677D-3682-431F-9B3F-DC916B67476F}.Release|Any CPU.ActiveCfg = Release|Any CPU
		{977E677D-3682-431F-9B3F-DC916B67476F}.Release|Any CPU.Build.0 = Release|Any CPU
		{817ED63E-666E-488E-9497-6DBFE29AE886}.Debug|Any CPU.ActiveCfg = Debug|Any CPU
		{817ED63E-666E-488E-9497-6DBFE29AE886}.Debug|Any CPU.Build.0 = Debug|Any CPU
		{817ED63E-666E-488E-9497-6DBFE29AE886}.Release|Any CPU.ActiveCfg = Release|Any CPU
		{817ED63E-666E-488E-9497-6DBFE29AE886}.Release|Any CPU.Build.0 = Release|Any CPU
	EndGlobalSection
	GlobalSection(SolutionProperties) = preSolution
		HideSolutionNode = FALSE
	EndGlobalSection
	GlobalSection(ExtensibilityGlobals) = postSolution
		SolutionGuid = {7DDB9B68-94D6-45D8-AEAA-D065FC2EA0B6}
	EndGlobalSection
EndGlobal
